{
  "version": 4,
  "terraform_version": "0.12.20",
  "serial": 3,
  "lineage": "ef6708a0-05db-af4a-10ea-080eebe746b8",
  "outputs": {
    "network_details": {
      "value": {
        "backend": "s3",
        "config": {
          "bucket": "gerankin-project-kgb-terraform-state",
          "key": "dev/network/terraform.tfstate",
          "region": "eu-central-1"
        },
        "defaults": null,
        "outputs": {
          "vpc_cidr": "10.0.0.0/16",
          "vpc_id": "vpc-02cbe1490627f5cbc"
        },
        "workspace": "default"
      },
      "type": [
        "object",
        {
          "backend": "string",
          "config": [
            "object",
            {
              "bucket": "string",
              "key": "string",
              "region": "string"
            }
          ],
          "defaults": "dynamic",
          "outputs": [
            "object",
            {
              "vpc_cidr": "string",
              "vpc_id": "string"
            }
          ],
          "workspace": "string"
        }
      ]
    }
  },
  "resources": [
    {
      "mode": "data",
      "type": "terraform_remote_state",
      "name": "network",
      "provider": "provider.terraform",
      "instances": [
        {
          "schema_version": 0,
          "attributes": {
            "backend": "s3",
            "config": {
              "value": {
                "bucket": "gerankin-project-kgb-terraform-state",
                "key": "dev/network/terraform.tfstate",
                "region": "eu-central-1"
              },
              "type": [
                "object",
                {
                  "bucket": "string",
                  "key": "string",
                  "region": "string"
                }
              ]
            },
            "defaults": null,
            "outputs": {
              "value": {
                "vpc_cidr": "10.0.0.0/16",
                "vpc_id": "vpc-02cbe1490627f5cbc"
              },
              "type": [
                "object",
                {
                  "vpc_cidr": "string",
                  "vpc_id": "string"
                }
              ]
            },
            "workspace": "default"
          }
        }
      ]
    },
    {
      "mode": "managed",
      "type": "aws_security_group",
      "name": "webserver",
      "provider": "provider.aws",
      "instances": [
        {
          "schema_version": 1,
          "attributes": {
            "arn": "arn:aws:ec2:eu-central-1:400923793402:security-group/sg-01bf1a5b21fca4ab5",
            "description": "Managed by Terraform",
            "egress": [
              {
                "cidr_blocks": [
                  "10.0.0.0/16"
                ],
                "description": "",
                "from_port": 0,
                "ipv6_cidr_blocks": [],
                "prefix_list_ids": [],
                "protocol": "-1",
                "security_groups": [],
                "self": false,
                "to_port": 0
              }
            ],
            "id": "sg-01bf1a5b21fca4ab5",
            "ingress": [
              {
                "cidr_blocks": [
                  "0.0.0.0/0"
                ],
                "description": "",
                "from_port": 80,
                "ipv6_cidr_blocks": [],
                "prefix_list_ids": [],
                "protocol": "tcp",
                "security_groups": [],
                "self": false,
                "to_port": 80
              }
            ],
            "name": "WebServer Security Group",
            "name_prefix": null,
            "owner_id": "400923793402",
            "revoke_rules_on_delete": false,
            "tags": {
              "Name": "web-server-sg",
              "Owner": "Andrey G"
            },
            "timeouts": null,
            "vpc_id": "vpc-02cbe1490627f5cbc"
          },
          "private": "eyJlMmJmYjczMC1lY2FhLTExZTYtOGY4OC0zNDM2M2JjN2M0YzAiOnsiY3JlYXRlIjo2MDAwMDAwMDAwMDAsImRlbGV0ZSI6NjAwMDAwMDAwMDAwfSwic2NoZW1hX3ZlcnNpb24iOiIxIn0="
        }
      ]
    }
  ]
}
